
Microsoft Visual Studio Solution File, Format Version 12.00
# Visual Studio Version 17
VisualStudioVersion = 17.0.31903.59
MinimumVisualStudioVersion = 10.0.40219.1
Project("{2150E333-8FDC-42A3-9474-1A3956D46DE8}") = "Is-Projekty", "Is-Projekty", "{43F7689C-146F-4525-B14D-A06F42174480}"
EndProject
Project("{FAE04EC0-301F-11D3-BF4B-00C04F79EFBC}") = "008_SelectionSort", "Is-Projekty\008_SelectionSort\008_SelectionSort.csproj", "{030283CD-9722-4021-AC96-BBD4A60295C9}"
EndProject
Project("{FAE04EC0-301F-11D3-BF4B-00C04F79EFBC}") = "008_actuallySsort", "Is-Projekty\008_actuallySsort\008_actuallySsort.csproj", "{29376EF4-0A95-43D0-8A19-C297BE6BCF0C}"
EndProject
Project("{FAE04EC0-301F-11D3-BF4B-00C04F79EFBC}") = "008_shakersort", "Is-Projekty\008_shakersort\008_shakersort.csproj", "{D39785CA-1358-4369-A6B8-64C39E56EB90}"
EndProject
Project("{FAE04EC0-301F-11D3-BF4B-00C04F79EFBC}") = "008_CombSort", "Is-Projekty\008_CombSort\008_CombSort.csproj", "{33FEAAFF-018C-4B93-B805-28CC3BC8CA80}"
EndProject
Project("{FAE04EC0-301F-11D3-BF4B-00C04F79EFBC}") = "008_Shellsort", "Is-Projekty\008_Shellsort\008_Shellsort.csproj", "{45E847D9-F0DA-46F5-83B1-83C3A70FBDE5}"
EndProject
Project("{FAE04EC0-301F-11D3-BF4B-00C04F79EFBC}") = "009_ReverzePole", "Is-Projekty\009_ReverzePole\009_ReverzePole.csproj", "{02A5732D-46AC-4A3A-A0E2-2A7ADDDA1B99}"
EndProject
Project("{FAE04EC0-301F-11D3-BF4B-00C04F79EFBC}") = "013", "Is-Projekty\013\013.csproj", "{19098B6A-F2C8-4671-BB37-7B5EAB5764D4}"
EndProject
Project("{FAE04EC0-301F-11D3-BF4B-00C04F79EFBC}") = "00001", "Is-Projekty\00001\00001.csproj", "{60B24CFF-F3FE-46CC-962A-D6EE0F721B78}"
EndProject
Project("{FAE04EC0-301F-11D3-BF4B-00C04F79EFBC}") = "00002", "Is-Projekty\00002\00002.csproj", "{74496919-3462-4E97-8E68-13AD42C4F202}"
EndProject
Global
	GlobalSection(SolutionConfigurationPlatforms) = preSolution
		Debug|Any CPU = Debug|Any CPU
		Release|Any CPU = Release|Any CPU
	EndGlobalSection
	GlobalSection(SolutionProperties) = preSolution
		HideSolutionNode = FALSE
	EndGlobalSection
	GlobalSection(ProjectConfigurationPlatforms) = postSolution
		{030283CD-9722-4021-AC96-BBD4A60295C9}.Debug|Any CPU.ActiveCfg = Debug|Any CPU
		{030283CD-9722-4021-AC96-BBD4A60295C9}.Debug|Any CPU.Build.0 = Debug|Any CPU
		{030283CD-9722-4021-AC96-BBD4A60295C9}.Release|Any CPU.ActiveCfg = Release|Any CPU
		{030283CD-9722-4021-AC96-BBD4A60295C9}.Release|Any CPU.Build.0 = Release|Any CPU
		{29376EF4-0A95-43D0-8A19-C297BE6BCF0C}.Debug|Any CPU.ActiveCfg = Debug|Any CPU
		{29376EF4-0A95-43D0-8A19-C297BE6BCF0C}.Debug|Any CPU.Build.0 = Debug|Any CPU
		{29376EF4-0A95-43D0-8A19-C297BE6BCF0C}.Release|Any CPU.ActiveCfg = Release|Any CPU
		{29376EF4-0A95-43D0-8A19-C297BE6BCF0C}.Release|Any CPU.Build.0 = Release|Any CPU
		{D39785CA-1358-4369-A6B8-64C39E56EB90}.Debug|Any CPU.ActiveCfg = Debug|Any CPU
		{D39785CA-1358-4369-A6B8-64C39E56EB90}.Debug|Any CPU.Build.0 = Debug|Any CPU
		{D39785CA-1358-4369-A6B8-64C39E56EB90}.Release|Any CPU.ActiveCfg = Release|Any CPU
		{D39785CA-1358-4369-A6B8-64C39E56EB90}.Release|Any CPU.Build.0 = Release|Any CPU
		{33FEAAFF-018C-4B93-B805-28CC3BC8CA80}.Debug|Any CPU.ActiveCfg = Debug|Any CPU
		{33FEAAFF-018C-4B93-B805-28CC3BC8CA80}.Debug|Any CPU.Build.0 = Debug|Any CPU
		{33FEAAFF-018C-4B93-B805-28CC3BC8CA80}.Release|Any CPU.ActiveCfg = Release|Any CPU
		{33FEAAFF-018C-4B93-B805-28CC3BC8CA80}.Release|Any CPU.Build.0 = Release|Any CPU
		{45E847D9-F0DA-46F5-83B1-83C3A70FBDE5}.Debug|Any CPU.ActiveCfg = Debug|Any CPU
		{45E847D9-F0DA-46F5-83B1-83C3A70FBDE5}.Debug|Any CPU.Build.0 = Debug|Any CPU
		{45E847D9-F0DA-46F5-83B1-83C3A70FBDE5}.Release|Any CPU.ActiveCfg = Release|Any CPU
		{45E847D9-F0DA-46F5-83B1-83C3A70FBDE5}.Release|Any CPU.Build.0 = Release|Any CPU
		{02A5732D-46AC-4A3A-A0E2-2A7ADDDA1B99}.Debug|Any CPU.ActiveCfg = Debug|Any CPU
		{02A5732D-46AC-4A3A-A0E2-2A7ADDDA1B99}.Debug|Any CPU.Build.0 = Debug|Any CPU
		{02A5732D-46AC-4A3A-A0E2-2A7ADDDA1B99}.Release|Any CPU.ActiveCfg = Release|Any CPU
		{02A5732D-46AC-4A3A-A0E2-2A7ADDDA1B99}.Release|Any CPU.Build.0 = Release|Any CPU
		{19098B6A-F2C8-4671-BB37-7B5EAB5764D4}.Debug|Any CPU.ActiveCfg = Debug|Any CPU
		{19098B6A-F2C8-4671-BB37-7B5EAB5764D4}.Debug|Any CPU.Build.0 = Debug|Any CPU
		{19098B6A-F2C8-4671-BB37-7B5EAB5764D4}.Release|Any CPU.ActiveCfg = Release|Any CPU
		{19098B6A-F2C8-4671-BB37-7B5EAB5764D4}.Release|Any CPU.Build.0 = Release|Any CPU
		{60B24CFF-F3FE-46CC-962A-D6EE0F721B78}.Debug|Any CPU.ActiveCfg = Debug|Any CPU
		{60B24CFF-F3FE-46CC-962A-D6EE0F721B78}.Debug|Any CPU.Build.0 = Debug|Any CPU
		{60B24CFF-F3FE-46CC-962A-D6EE0F721B78}.Release|Any CPU.ActiveCfg = Release|Any CPU
		{60B24CFF-F3FE-46CC-962A-D6EE0F721B78}.Release|Any CPU.Build.0 = Release|Any CPU
		{74496919-3462-4E97-8E68-13AD42C4F202}.Debug|Any CPU.ActiveCfg = Debug|Any CPU
		{74496919-3462-4E97-8E68-13AD42C4F202}.Debug|Any CPU.Build.0 = Debug|Any CPU
		{74496919-3462-4E97-8E68-13AD42C4F202}.Release|Any CPU.ActiveCfg = Release|Any CPU
		{74496919-3462-4E97-8E68-13AD42C4F202}.Release|Any CPU.Build.0 = Release|Any CPU
	EndGlobalSection
	GlobalSection(NestedProjects) = preSolution
		{030283CD-9722-4021-AC96-BBD4A60295C9} = {43F7689C-146F-4525-B14D-A06F42174480}
		{29376EF4-0A95-43D0-8A19-C297BE6BCF0C} = {43F7689C-146F-4525-B14D-A06F42174480}
		{D39785CA-1358-4369-A6B8-64C39E56EB90} = {43F7689C-146F-4525-B14D-A06F42174480}
		{33FEAAFF-018C-4B93-B805-28CC3BC8CA80} = {43F7689C-146F-4525-B14D-A06F42174480}
		{45E847D9-F0DA-46F5-83B1-83C3A70FBDE5} = {43F7689C-146F-4525-B14D-A06F42174480}
		{02A5732D-46AC-4A3A-A0E2-2A7ADDDA1B99} = {43F7689C-146F-4525-B14D-A06F42174480}
		{19098B6A-F2C8-4671-BB37-7B5EAB5764D4} = {43F7689C-146F-4525-B14D-A06F42174480}
		{60B24CFF-F3FE-46CC-962A-D6EE0F721B78} = {43F7689C-146F-4525-B14D-A06F42174480}
		{74496919-3462-4E97-8E68-13AD42C4F202} = {43F7689C-146F-4525-B14D-A06F42174480}
	EndGlobalSection
EndGlobal
