
Microsoft Visual Studio Solution File, Format Version 12.00
# Visual Studio Version 17
VisualStudioVersion = 17.0.31903.59
MinimumVisualStudioVersion = 10.0.40219.1
Project("{2150E333-8FDC-42A3-9474-1A3956D46DE8}") = "Is-Projekty", "Is-Projekty", "{43F7689C-146F-4525-B14D-A06F42174480}"
EndProject
Project("{FAE04EC0-301F-11D3-BF4B-00C04F79EFBC}") = "008_SelectionSort", "Is-Projekty\008_SelectionSort\008_SelectionSort.csproj", "{030283CD-9722-4021-AC96-BBD4A60295C9}"
EndProject
Global
	GlobalSection(SolutionConfigurationPlatforms) = preSolution
		Debug|Any CPU = Debug|Any CPU
		Release|Any CPU = Release|Any CPU
	EndGlobalSection
	GlobalSection(SolutionProperties) = preSolution
		HideSolutionNode = FALSE
	EndGlobalSection
	GlobalSection(ProjectConfigurationPlatforms) = postSolution
		{030283CD-9722-4021-AC96-BBD4A60295C9}.Debug|Any CPU.ActiveCfg = Debug|Any CPU
		{030283CD-9722-4021-AC96-BBD4A60295C9}.Debug|Any CPU.Build.0 = Debug|Any CPU
		{030283CD-9722-4021-AC96-BBD4A60295C9}.Release|Any CPU.ActiveCfg = Release|Any CPU
		{030283CD-9722-4021-AC96-BBD4A60295C9}.Release|Any CPU.Build.0 = Release|Any CPU
	EndGlobalSection
	GlobalSection(NestedProjects) = preSolution
		{030283CD-9722-4021-AC96-BBD4A60295C9} = {43F7689C-146F-4525-B14D-A06F42174480}
	EndGlobalSection
EndGlobal
