
Microsoft Visual Studio Solution File, Format Version 12.00
# Visual Studio Version 17
VisualStudioVersion = 17.5.002.0
MinimumVisualStudioVersion = 10.0.40219.1
Project("{9A19103F-16F7-4668-BE54-9A1E7A4F7556}") = "program002a-soucet-cifer", "program002a-soucet-cifer.csproj", "{4763B93D-E3B9-403B-AD76-10980D4DF158}"
EndProject
Global
	GlobalSection(SolutionConfigurationPlatforms) = preSolution
		Debug|Any CPU = Debug|Any CPU
		Release|Any CPU = Release|Any CPU
	EndGlobalSection
	GlobalSection(ProjectConfigurationPlatforms) = postSolution
		{4763B93D-E3B9-403B-AD76-10980D4DF158}.Debug|Any CPU.ActiveCfg = Debug|Any CPU
		{4763B93D-E3B9-403B-AD76-10980D4DF158}.Debug|Any CPU.Build.0 = Debug|Any CPU
		{4763B93D-E3B9-403B-AD76-10980D4DF158}.Release|Any CPU.ActiveCfg = Release|Any CPU
		{4763B93D-E3B9-403B-AD76-10980D4DF158}.Release|Any CPU.Build.0 = Release|Any CPU
	EndGlobalSection
	GlobalSection(SolutionProperties) = preSolution
		HideSolutionNode = FALSE
	EndGlobalSection
	GlobalSection(ExtensibilityGlobals) = postSolution
		SolutionGuid = {A91AFDEB-F832-4FC5-AD02-96A87C5AB1CE}
	EndGlobalSection
EndGlobal
