
Microsoft Visual Studio Solution File, Format Version 12.00
# Visual Studio Version 17
VisualStudioVersion = 17.0.31903.59
MinimumVisualStudioVersion = 10.0.40219.1
Project("{FAE04EC0-301F-11D3-BF4B-00C04F79EFBC}") = "ConsoleApp1", "ConsoleApp1\ConsoleApp1.csproj", "{874D708A-637A-485D-81A3-AF18517B3CA0}"
EndProject
Project("{FAE04EC0-301F-11D3-BF4B-00C04F79EFBC}") = "011", "011\011.csproj", "{4073DB0D-6806-4E7A-9D8D-FACBDA0903AA}"
EndProject
Project("{FAE04EC0-301F-11D3-BF4B-00C04F79EFBC}") = "program012a-intervaly", "program012a-intervaly\program012a-intervaly.csproj", "{9B568C16-2976-4898-A9D5-69B5C7F6CE90}"
EndProject
Project("{FAE04EC0-301F-11D3-BF4B-00C04F79EFBC}") = "program014", "program014\program014.csproj", "{381D41D7-1EEB-471D-957F-E4CF767C55AC}"
EndProject
Project("{FAE04EC0-301F-11D3-BF4B-00C04F79EFBC}") = "program015", "program015\program015.csproj", "{2ED55240-8CE3-42E4-A28A-BEC6BEAA79FD}"
EndProject
Project("{FAE04EC0-301F-11D3-BF4B-00C04F79EFBC}") = "program016", "program016\program016.csproj", "{7824D747-D949-44BE-B460-899211759451}"
EndProject
Project("{FAE04EC0-301F-11D3-BF4B-00C04F79EFBC}") = "program017", "program017\program017.csproj", "{EA0B7E96-ED71-49F9-BE05-E8242DD2A560}"
EndProject
Project("{FAE04EC0-301F-11D3-BF4B-00C04F79EFBC}") = "019", "019\019.csproj", "{7075189F-1C27-4983-BD0F-7114935A6764}"
EndProject
Project("{FAE04EC0-301F-11D3-BF4B-00C04F79EFBC}") = "Zaklad", "Zaklad\Zaklad.csproj", "{8DA6B77F-9EFD-456A-A64E-CF00B43BBDC8}"
EndProject
Global
	GlobalSection(SolutionConfigurationPlatforms) = preSolution
		Debug|Any CPU = Debug|Any CPU
		Release|Any CPU = Release|Any CPU
	EndGlobalSection
	GlobalSection(SolutionProperties) = preSolution
		HideSolutionNode = FALSE
	EndGlobalSection
	GlobalSection(ProjectConfigurationPlatforms) = postSolution
		{874D708A-637A-485D-81A3-AF18517B3CA0}.Debug|Any CPU.ActiveCfg = Debug|Any CPU
		{874D708A-637A-485D-81A3-AF18517B3CA0}.Debug|Any CPU.Build.0 = Debug|Any CPU
		{874D708A-637A-485D-81A3-AF18517B3CA0}.Release|Any CPU.ActiveCfg = Release|Any CPU
		{874D708A-637A-485D-81A3-AF18517B3CA0}.Release|Any CPU.Build.0 = Release|Any CPU
		{4073DB0D-6806-4E7A-9D8D-FACBDA0903AA}.Debug|Any CPU.ActiveCfg = Debug|Any CPU
		{4073DB0D-6806-4E7A-9D8D-FACBDA0903AA}.Debug|Any CPU.Build.0 = Debug|Any CPU
		{4073DB0D-6806-4E7A-9D8D-FACBDA0903AA}.Release|Any CPU.ActiveCfg = Release|Any CPU
		{4073DB0D-6806-4E7A-9D8D-FACBDA0903AA}.Release|Any CPU.Build.0 = Release|Any CPU
		{9B568C16-2976-4898-A9D5-69B5C7F6CE90}.Debug|Any CPU.ActiveCfg = Debug|Any CPU
		{9B568C16-2976-4898-A9D5-69B5C7F6CE90}.Debug|Any CPU.Build.0 = Debug|Any CPU
		{9B568C16-2976-4898-A9D5-69B5C7F6CE90}.Release|Any CPU.ActiveCfg = Release|Any CPU
		{9B568C16-2976-4898-A9D5-69B5C7F6CE90}.Release|Any CPU.Build.0 = Release|Any CPU
		{381D41D7-1EEB-471D-957F-E4CF767C55AC}.Debug|Any CPU.ActiveCfg = Debug|Any CPU
		{381D41D7-1EEB-471D-957F-E4CF767C55AC}.Debug|Any CPU.Build.0 = Debug|Any CPU
		{381D41D7-1EEB-471D-957F-E4CF767C55AC}.Release|Any CPU.ActiveCfg = Release|Any CPU
		{381D41D7-1EEB-471D-957F-E4CF767C55AC}.Release|Any CPU.Build.0 = Release|Any CPU
		{2ED55240-8CE3-42E4-A28A-BEC6BEAA79FD}.Debug|Any CPU.ActiveCfg = Debug|Any CPU
		{2ED55240-8CE3-42E4-A28A-BEC6BEAA79FD}.Debug|Any CPU.Build.0 = Debug|Any CPU
		{2ED55240-8CE3-42E4-A28A-BEC6BEAA79FD}.Release|Any CPU.ActiveCfg = Release|Any CPU
		{2ED55240-8CE3-42E4-A28A-BEC6BEAA79FD}.Release|Any CPU.Build.0 = Release|Any CPU
		{7824D747-D949-44BE-B460-899211759451}.Debug|Any CPU.ActiveCfg = Debug|Any CPU
		{7824D747-D949-44BE-B460-899211759451}.Debug|Any CPU.Build.0 = Debug|Any CPU
		{7824D747-D949-44BE-B460-899211759451}.Release|Any CPU.ActiveCfg = Release|Any CPU
		{7824D747-D949-44BE-B460-899211759451}.Release|Any CPU.Build.0 = Release|Any CPU
		{EA0B7E96-ED71-49F9-BE05-E8242DD2A560}.Debug|Any CPU.ActiveCfg = Debug|Any CPU
		{EA0B7E96-ED71-49F9-BE05-E8242DD2A560}.Debug|Any CPU.Build.0 = Debug|Any CPU
		{EA0B7E96-ED71-49F9-BE05-E8242DD2A560}.Release|Any CPU.ActiveCfg = Release|Any CPU
		{EA0B7E96-ED71-49F9-BE05-E8242DD2A560}.Release|Any CPU.Build.0 = Release|Any CPU
		{7075189F-1C27-4983-BD0F-7114935A6764}.Debug|Any CPU.ActiveCfg = Debug|Any CPU
		{7075189F-1C27-4983-BD0F-7114935A6764}.Debug|Any CPU.Build.0 = Debug|Any CPU
		{7075189F-1C27-4983-BD0F-7114935A6764}.Release|Any CPU.ActiveCfg = Release|Any CPU
		{7075189F-1C27-4983-BD0F-7114935A6764}.Release|Any CPU.Build.0 = Release|Any CPU
		{8DA6B77F-9EFD-456A-A64E-CF00B43BBDC8}.Debug|Any CPU.ActiveCfg = Debug|Any CPU
		{8DA6B77F-9EFD-456A-A64E-CF00B43BBDC8}.Debug|Any CPU.Build.0 = Debug|Any CPU
		{8DA6B77F-9EFD-456A-A64E-CF00B43BBDC8}.Release|Any CPU.ActiveCfg = Release|Any CPU
		{8DA6B77F-9EFD-456A-A64E-CF00B43BBDC8}.Release|Any CPU.Build.0 = Release|Any CPU
	EndGlobalSection
EndGlobal
